<?xml version="1.0" encoding="utf-8"?>
<Project ToolsVersion="4.0" xmlns="http://schemas.microsoft.com/developer/msbuild/2003">
  <ItemGroup>
    <Filter Include="소스 파일">
      <UniqueIdentifier>{4FC737F1-C7A5-4376-A066-2A32D752A2FF}</UniqueIdentifier>
      <Extensions>cpp;c;cc;cxx;def;odl;idl;hpj;bat;asm;asmx</Extensions>
    </Filter>
    <Filter Include="헤더 파일">
      <UniqueIdentifier>{93995380-89BD-4b04-88EB-625FBE52EBFB}</UniqueIdentifier>
      <Extensions>h;hh;hpp;hxx;hm;inl;inc;ipp;xsd</Extensions>
    </Filter>
    <Filter Include="리소스 파일">
      <UniqueIdentifier>{67DA6AB6-F800-4c08-8B7A-83BB121AAD01}</UniqueIdentifier>
      <Extensions>rc;ico;cur;bmp;dlg;rc2;rct;bin;rgs;gif;jpg;jpeg;jpe;resx;tiff;tif;png;wav;mfcribbon-ms</Extensions>
    </Filter>
    <Filter Include="소스 파일\GameFramework">
      <UniqueIdentifier>{0eb2a851-b130-4579-b869-eed7d0bad7dd}</UniqueIdentifier>
    </Filter>
    <Filter Include="소스 파일\Camera">
      <UniqueIdentifier>{b893368a-6923-4873-8121-ba2df018441b}</UniqueIdentifier>
    </Filter>
    <Filter Include="소스 파일\Mesh">
      <UniqueIdentifier>{d63d739a-c375-46b2-8361-3af28d0cabe3}</UniqueIdentifier>
    </Filter>
    <Filter Include="소스 파일\Shader">
      <UniqueIdentifier>{6f7042d4-c575-4d38-98d0-710895063daf}</UniqueIdentifier>
    </Filter>
    <Filter Include="소스 파일\Scene">
      <UniqueIdentifier>{43fbae9f-08cd-40ba-b563-26add27a9893}</UniqueIdentifier>
    </Filter>
    <Filter Include="소스 파일\TextureLoader">
      <UniqueIdentifier>{db017f8a-2d47-4be3-b6c2-6ac99ec52910}</UniqueIdentifier>
    </Filter>
    <Filter Include="소스 파일\GameTimer">
      <UniqueIdentifier>{ba27000e-d50a-4baf-9daa-551b52d0076e}</UniqueIdentifier>
    </Filter>
    <Filter Include="소스 파일\stdafx">
      <UniqueIdentifier>{1c45354c-0e26-4b55-818e-138940716437}</UniqueIdentifier>
    </Filter>
    <Filter Include="소스 파일\TextureLoader\DDSTexture">
      <UniqueIdentifier>{fa04c94d-6063-48d8-9de2-6b6902a27c46}</UniqueIdentifier>
    </Filter>
    <Filter Include="소스 파일\TextureLoader\WICTexture">
      <UniqueIdentifier>{c4aad44d-4c2b-4bc6-a4a7-4956860602b8}</UniqueIdentifier>
    </Filter>
    <Filter Include="소스 파일\Mesh\FrameMesh">
      <UniqueIdentifier>{89a534a5-4599-4e29-b942-6ae941821ebf}</UniqueIdentifier>
    </Filter>
    <Filter Include="소스 파일\Object">
      <UniqueIdentifier>{f7e2d53b-d5c8-43a6-b5b2-2b770c2ee229}</UniqueIdentifier>
    </Filter>
    <Filter Include="소스 파일\Object\GameObject">
      <UniqueIdentifier>{c6d4d080-e8a8-43a8-bf8d-13f74963c439}</UniqueIdentifier>
    </Filter>
    <Filter Include="소스 파일\Object\GameObject\Player">
      <UniqueIdentifier>{5ab30b77-fe68-49e2-aa4a-cfe9456316a5}</UniqueIdentifier>
    </Filter>
    <Filter Include="소스 파일\Object\FrameObject">
      <UniqueIdentifier>{31960be7-88ad-4223-ac20-e4151ee1852c}</UniqueIdentifier>
    </Filter>
    <Filter Include="소스 파일\Shader\HLSL">
      <UniqueIdentifier>{01ac0d21-3ddd-4a58-86ac-ef6f3c154d6b}</UniqueIdentifier>
    </Filter>
    <Filter Include="소스 파일\Object\FrameObject\FramePlayer">
      <UniqueIdentifier>{224ab57e-4667-4332-9d58-d881aa7563b4}</UniqueIdentifier>
    </Filter>
    <Filter Include="소스 파일\Object\GameObject\Bullet">
      <UniqueIdentifier>{c90b6a8a-c408-402c-b8b7-c9f2c943f631}</UniqueIdentifier>
    </Filter>
    <Filter Include="소스 파일\Shader\BulletShader">
      <UniqueIdentifier>{20226473-871f-4966-905e-940a44c3ef75}</UniqueIdentifier>
    </Filter>
  </ItemGroup>
  <ItemGroup>
    <ClInclude Include="targetver.h">
      <Filter>헤더 파일</Filter>
    </ClInclude>
    <ClInclude Include="Resource.h">
      <Filter>헤더 파일</Filter>
    </ClInclude>
    <ClInclude Include="3DGame_Model.h">
      <Filter>헤더 파일</Filter>
    </ClInclude>
    <ClInclude Include="GameFramework.h">
      <Filter>소스 파일\GameFramework</Filter>
    </ClInclude>
    <ClInclude Include="GameObject.h">
      <Filter>소스 파일\Object\GameObject</Filter>
    </ClInclude>
    <ClInclude Include="Camera.h">
      <Filter>소스 파일\Camera</Filter>
    </ClInclude>
    <ClInclude Include="Mesh.h">
      <Filter>소스 파일\Mesh</Filter>
    </ClInclude>
    <ClInclude Include="Shader.h">
      <Filter>소스 파일\Shader</Filter>
    </ClInclude>
    <ClInclude Include="Scene.h">
      <Filter>소스 파일\Scene</Filter>
    </ClInclude>
    <ClInclude Include="d3dx12.h">
      <Filter>소스 파일\TextureLoader</Filter>
    </ClInclude>
    <ClInclude Include="GameTimer.h">
      <Filter>소스 파일\GameTimer</Filter>
    </ClInclude>
    <ClInclude Include="stdafx.h">
      <Filter>소스 파일\stdafx</Filter>
    </ClInclude>
    <ClInclude Include="Player.h">
      <Filter>소스 파일\Object\GameObject\Player</Filter>
    </ClInclude>
    <ClInclude Include="DDSTextureLoader12.h">
      <Filter>소스 파일\TextureLoader\DDSTexture</Filter>
    </ClInclude>
    <ClInclude Include="WICTextureLoader12.h">
      <Filter>소스 파일\TextureLoader\WICTexture</Filter>
    </ClInclude>
    <ClInclude Include="FrameObject.h">
      <Filter>소스 파일\Object\FrameObject</Filter>
    </ClInclude>
    <ClInclude Include="FramePlayer.h">
      <Filter>소스 파일\Object\FrameObject\FramePlayer</Filter>
    </ClInclude>
    <ClInclude Include="Bullet.h">
      <Filter>소스 파일\Object\GameObject\Bullet</Filter>
    </ClInclude>
    <ClInclude Include="BulletShader.h">
      <Filter>소스 파일\Shader\BulletShader</Filter>
    </ClInclude>
  </ItemGroup>
  <ItemGroup>
    <ClCompile Include="3DGame_Model.cpp">
      <Filter>소스 파일</Filter>
    </ClCompile>
    <ClCompile Include="GameFramework.cpp">
      <Filter>소스 파일\GameFramework</Filter>
    </ClCompile>
    <ClCompile Include="GameObject.cpp">
      <Filter>소스 파일\Object\GameObject</Filter>
    </ClCompile>
    <ClCompile Include="Camera.cpp">
      <Filter>소스 파일\Camera</Filter>
    </ClCompile>
    <ClCompile Include="Mesh.cpp">
      <Filter>소스 파일\Mesh</Filter>
    </ClCompile>
    <ClCompile Include="Shader.cpp">
      <Filter>소스 파일\Shader</Filter>
    </ClCompile>
    <ClCompile Include="Scene.cpp">
      <Filter>소스 파일\Scene</Filter>
    </ClCompile>
    <ClCompile Include="GameTimer.cpp">
      <Filter>소스 파일\GameTimer</Filter>
    </ClCompile>
    <ClCompile Include="stdafx.cpp">
      <Filter>소스 파일\stdafx</Filter>
    </ClCompile>
    <ClCompile Include="Player.cpp">
      <Filter>소스 파일\Object\GameObject\Player</Filter>
    </ClCompile>
    <ClCompile Include="DDSTextureLoader12.cpp">
      <Filter>소스 파일\TextureLoader\DDSTexture</Filter>
    </ClCompile>
    <ClCompile Include="WICTextureLoader12.cpp">
      <Filter>소스 파일\TextureLoader\WICTexture</Filter>
    </ClCompile>
    <ClCompile Include="FrameObject.cpp">
      <Filter>소스 파일\Object\FrameObject</Filter>
    </ClCompile>
    <ClCompile Include="FrameMesh.cpp">
      <Filter>소스 파일\Mesh\FrameMesh</Filter>
    </ClCompile>
    <ClCompile Include="FramePlayer.cpp">
      <Filter>소스 파일\Object\FrameObject\FramePlayer</Filter>
    </ClCompile>
    <ClCompile Include="Bullet.cpp">
      <Filter>소스 파일\Object\GameObject\Bullet</Filter>
    </ClCompile>
    <ClCompile Include="BulletShader.cpp">
      <Filter>소스 파일\Shader\BulletShader</Filter>
    </ClCompile>
  </ItemGroup>
  <ItemGroup>
    <ResourceCompile Include="3DGame_Model.rc">
      <Filter>리소스 파일</Filter>
    </ResourceCompile>
  </ItemGroup>
  <ItemGroup>
    <Image Include="small.ico">
      <Filter>리소스 파일</Filter>
    </Image>
    <Image Include="3DGame_Model.ico">
      <Filter>리소스 파일</Filter>
    </Image>
  </ItemGroup>
  <ItemGroup>
    <FxCompile Include="Shaders.hlsl">
      <Filter>소스 파일\Shader\HLSL</Filter>
    </FxCompile>
    <FxCompile Include="Light.hlsl">
      <Filter>소스 파일\Shader\HLSL</Filter>
    </FxCompile>
  </ItemGroup>
</Project>