<?xml version="1.0" encoding="utf-8"?>
<Project ToolsVersion="4.0" xmlns="http://schemas.microsoft.com/developer/msbuild/2003">
  <ItemGroup>
    <Filter Include="소스 파일">
      <UniqueIdentifier>{4FC737F1-C7A5-4376-A066-2A32D752A2FF}</UniqueIdentifier>
      <Extensions>cpp;c;cc;cxx;def;odl;idl;hpj;bat;asm;asmx</Extensions>
    </Filter>
    <Filter Include="Default">
      <UniqueIdentifier>{93995380-89BD-4b04-88EB-625FBE52EBFB}</UniqueIdentifier>
      <Extensions>h;hh;hpp;hxx;hm;inl;inc;ipp;xsd</Extensions>
    </Filter>
    <Filter Include="소스 파일\Main">
      <UniqueIdentifier>{eb86c655-464d-4862-8422-7764d5916709}</UniqueIdentifier>
    </Filter>
    <Filter Include="소스 파일\GameFramwork">
      <UniqueIdentifier>{06554c21-94d0-40c3-af28-1f6460f12be5}</UniqueIdentifier>
    </Filter>
    <Filter Include="소스 파일\GameObject">
      <UniqueIdentifier>{9eea6d5b-3103-4181-9d90-9264a61d7e97}</UniqueIdentifier>
    </Filter>
    <Filter Include="소스 파일\Scene">
      <UniqueIdentifier>{073281f0-9498-4957-a22d-e041bd5c2597}</UniqueIdentifier>
    </Filter>
    <Filter Include="소스 파일\GameTimer">
      <UniqueIdentifier>{e5e98b08-c748-415a-883f-d8da56cdd398}</UniqueIdentifier>
    </Filter>
    <Filter Include="소스 파일\GameObject\Player">
      <UniqueIdentifier>{063c8e14-f318-4b44-9e4f-d631fec85f2a}</UniqueIdentifier>
    </Filter>
    <Filter Include="소스 파일\Shader">
      <UniqueIdentifier>{6f01df6b-ffd0-42e2-9d1d-a2f59f8ff750}</UniqueIdentifier>
    </Filter>
    <Filter Include="소스 파일\HLSL">
      <UniqueIdentifier>{ccb69d3b-9317-432f-a594-a2c2d7775dbe}</UniqueIdentifier>
    </Filter>
    <Filter Include="소스 파일\Camera">
      <UniqueIdentifier>{a17bc1b7-bbfc-4caa-8d7d-aff6c20381d8}</UniqueIdentifier>
    </Filter>
    <Filter Include="소스 파일\DDSTextureLoader">
      <UniqueIdentifier>{14979bc9-0a22-4629-8d7f-0657185a270f}</UniqueIdentifier>
    </Filter>
    <Filter Include="Default\리소스 파일">
      <UniqueIdentifier>{67DA6AB6-F800-4c08-8B7A-83BB121AAD01}</UniqueIdentifier>
      <Extensions>rc;ico;cur;bmp;dlg;rc2;rct;bin;rgs;gif;jpg;jpeg;jpe;resx;tiff;tif;png;wav;mfcribbon-ms</Extensions>
    </Filter>
    <Filter Include="소스 파일\Stdafx">
      <UniqueIdentifier>{128874e9-9625-4307-b41c-40c601f38509}</UniqueIdentifier>
    </Filter>
    <Filter Include="소스 파일\Shader\TexturedShader">
      <UniqueIdentifier>{0b4e6246-f27e-42c7-baa0-46cfb7802fd8}</UniqueIdentifier>
    </Filter>
    <Filter Include="소스 파일\Shader\PlayerShader">
      <UniqueIdentifier>{9bca2dd6-82f8-4345-9d52-c5a63ee2795d}</UniqueIdentifier>
    </Filter>
    <Filter Include="소스 파일\Shader\TexturedShader\ObjectShader">
      <UniqueIdentifier>{ead36476-4390-4af3-a941-1eb1c1c646cd}</UniqueIdentifier>
    </Filter>
    <Filter Include="소스 파일\Shader\TexturedShader\TerrainShader">
      <UniqueIdentifier>{c181d450-b21f-4eb0-9687-8595b46d1435}</UniqueIdentifier>
    </Filter>
    <Filter Include="소스 파일\Vertex &amp; Mesh">
      <UniqueIdentifier>{088a6960-ed90-4fe3-9287-1716aa0c3fa5}</UniqueIdentifier>
    </Filter>
    <Filter Include="소스 파일\Vertex &amp; Mesh\Vertex">
      <UniqueIdentifier>{86508e43-9730-4ef0-b26f-b7c11aa9cd54}</UniqueIdentifier>
    </Filter>
    <Filter Include="소스 파일\Vertex &amp; Mesh\Mesh">
      <UniqueIdentifier>{fa439e09-8a4e-487a-94cb-4c4f3b8a6c09}</UniqueIdentifier>
    </Filter>
    <Filter Include="소스 파일\Vertex &amp; Mesh\Mesh\TexturedRectMesh">
      <UniqueIdentifier>{3f830e08-a529-4e11-9d9c-4d7c891d69f9}</UniqueIdentifier>
    </Filter>
    <Filter Include="소스 파일\GameObject\Billboard_Tree">
      <UniqueIdentifier>{df7c6dd8-166d-4a28-ac69-3c1c38b7ffcb}</UniqueIdentifier>
    </Filter>
  </ItemGroup>
  <ItemGroup>
    <ClInclude Include="targetver.h">
      <Filter>Default</Filter>
    </ClInclude>
    <ClInclude Include="Resource.h">
      <Filter>Default</Filter>
    </ClInclude>
    <ClInclude Include="Player.h">
      <Filter>소스 파일\GameObject\Player</Filter>
    </ClInclude>
    <ClInclude Include="GameFramework.h">
      <Filter>소스 파일\GameFramwork</Filter>
    </ClInclude>
    <ClInclude Include="Shader.h">
      <Filter>소스 파일\Shader</Filter>
    </ClInclude>
    <ClInclude Include="Scene.h">
      <Filter>소스 파일\Scene</Filter>
    </ClInclude>
    <ClInclude Include="Camera.h">
      <Filter>소스 파일\Camera</Filter>
    </ClInclude>
    <ClInclude Include="d3dx12.h">
      <Filter>소스 파일\DDSTextureLoader</Filter>
    </ClInclude>
    <ClInclude Include="DDSTextureLoader12.h">
      <Filter>소스 파일\DDSTextureLoader</Filter>
    </ClInclude>
    <ClInclude Include="stdafx.h">
      <Filter>소스 파일\Stdafx</Filter>
    </ClInclude>
    <ClInclude Include="3DProgramming_Texture.h">
      <Filter>소스 파일\Main</Filter>
    </ClInclude>
    <ClInclude Include="GameObject.h">
      <Filter>소스 파일\GameObject</Filter>
    </ClInclude>
    <ClInclude Include="GameTimer.h">
      <Filter>소스 파일\GameTimer</Filter>
    </ClInclude>
    <ClInclude Include="TexturedShader.h">
      <Filter>소스 파일\Shader\TexturedShader</Filter>
    </ClInclude>
    <ClInclude Include="PlayerShader.h">
      <Filter>소스 파일\Shader\PlayerShader</Filter>
    </ClInclude>
    <ClInclude Include="ObjectShader.h">
      <Filter>소스 파일\Shader\TexturedShader\ObjectShader</Filter>
    </ClInclude>
    <ClInclude Include="TerrainShader.h">
      <Filter>소스 파일\Shader\TexturedShader\TerrainShader</Filter>
    </ClInclude>
    <ClInclude Include="Mesh.h">
      <Filter>소스 파일\Vertex &amp; Mesh\Mesh</Filter>
    </ClInclude>
    <ClInclude Include="Vertex.h">
      <Filter>소스 파일\Vertex &amp; Mesh\Vertex</Filter>
    </ClInclude>
    <ClInclude Include="TexturedRectMesh.h">
      <Filter>소스 파일\Vertex &amp; Mesh\Mesh\TexturedRectMesh</Filter>
    </ClInclude>
    <ClInclude Include="BillboardTree.h">
      <Filter>소스 파일\GameObject\Billboard_Tree</Filter>
    </ClInclude>
  </ItemGroup>
  <ItemGroup>
    <ClCompile Include="3DProgramming_Texture.cpp">
      <Filter>소스 파일\Main</Filter>
    </ClCompile>
    <ClCompile Include="Player.cpp">
      <Filter>소스 파일\GameObject\Player</Filter>
    </ClCompile>
    <ClCompile Include="GameFramework.cpp">
      <Filter>소스 파일\GameFramwork</Filter>
    </ClCompile>
    <ClCompile Include="Shader.cpp">
      <Filter>소스 파일\Shader</Filter>
    </ClCompile>
    <ClCompile Include="Scene.cpp">
      <Filter>소스 파일\Scene</Filter>
    </ClCompile>
    <ClCompile Include="Camera.cpp">
      <Filter>소스 파일\Camera</Filter>
    </ClCompile>
    <ClCompile Include="DDSTextureLoader12.cpp">
      <Filter>소스 파일\DDSTextureLoader</Filter>
    </ClCompile>
    <ClCompile Include="stdafx.cpp">
      <Filter>소스 파일\Stdafx</Filter>
    </ClCompile>
    <ClCompile Include="GameObject.cpp">
      <Filter>소스 파일\GameObject</Filter>
    </ClCompile>
    <ClCompile Include="GameTimer.cpp">
      <Filter>소스 파일\GameTimer</Filter>
    </ClCompile>
    <ClCompile Include="TexturedShader.cpp">
      <Filter>소스 파일\Shader\TexturedShader</Filter>
    </ClCompile>
    <ClCompile Include="PlayerShader.cpp">
      <Filter>소스 파일\Shader\PlayerShader</Filter>
    </ClCompile>
    <ClCompile Include="TerrainShader.cpp">
      <Filter>소스 파일\Shader\TexturedShader\TerrainShader</Filter>
    </ClCompile>
    <ClCompile Include="ObjectShader.cpp">
      <Filter>소스 파일\Shader\TexturedShader\ObjectShader</Filter>
    </ClCompile>
    <ClCompile Include="Mesh.cpp">
      <Filter>소스 파일\Vertex &amp; Mesh\Mesh</Filter>
    </ClCompile>
    <ClCompile Include="Vertex.cpp">
      <Filter>소스 파일\Vertex &amp; Mesh\Vertex</Filter>
    </ClCompile>
    <ClCompile Include="TexturedRectMesh.cpp">
      <Filter>소스 파일\Vertex &amp; Mesh\Mesh\TexturedRectMesh</Filter>
    </ClCompile>
    <ClCompile Include="BillboardTree.cpp">
      <Filter>소스 파일\GameObject\Billboard_Tree</Filter>
    </ClCompile>
  </ItemGroup>
  <ItemGroup>
    <ResourceCompile Include="3DProgramming_Texture.rc">
      <Filter>Default\리소스 파일</Filter>
    </ResourceCompile>
  </ItemGroup>
  <ItemGroup>
    <Image Include="small.ico">
      <Filter>Default\리소스 파일</Filter>
    </Image>
    <Image Include="3DProgramming_Texture.ico">
      <Filter>Default\리소스 파일</Filter>
    </Image>
  </ItemGroup>
  <ItemGroup>
    <FxCompile Include="Shaders.hlsl">
      <Filter>소스 파일\HLSL</Filter>
    </FxCompile>
  </ItemGroup>
</Project>